// !$*UTF8*$!
{
	archiveVersion = 1;
	classes = {
	};
	objectVersion = 46;
	objects = {

/* Begin PBXBuildFile section */
		300015761C0A4682005E42A1 /* ModelManager.swift in Sources */ = {isa = PBXBuildFile; fileRef = 300015751C0A4682005E42A1 /* ModelManager.swift */; };
		300015781C0A479D005E42A1 /* ParseModelManager.swift in Sources */ = {isa = PBXBuildFile; fileRef = 300015771C0A479D005E42A1 /* ParseModelManager.swift */; };
		300926DD1C092861005F6034 /* ParseBaseModel.swift in Sources */ = {isa = PBXBuildFile; fileRef = 300926DB1C092861005F6034 /* ParseBaseModel.swift */; };
		300926DE1C092861005F6034 /* ParseUserProfileModel.swift in Sources */ = {isa = PBXBuildFile; fileRef = 300926DC1C092861005F6034 /* ParseUserProfileModel.swift */; };
		301234931BD05B39007C3ABB /* GroupScreens.storyboard in Resources */ = {isa = PBXBuildFile; fileRef = 301234911BD05B39007C3ABB /* GroupScreens.storyboard */; settings = {ASSET_TAGS = (100, ); }; };
		301234951BD05B39007C3ABB /* Assets.xcassets in Resources */ = {isa = PBXBuildFile; fileRef = 301234941BD05B39007C3ABB /* Assets.xcassets */; };
		301234981BD05B39007C3ABB /* LaunchScreen.storyboard in Resources */ = {isa = PBXBuildFile; fileRef = 301234961BD05B39007C3ABB /* LaunchScreen.storyboard */; };
		301234A31BD05B39007C3ABB /* Crowd_ControlTests.swift in Sources */ = {isa = PBXBuildFile; fileRef = 301234A21BD05B39007C3ABB /* Crowd_ControlTests.swift */; };
		301234AE1BD05B39007C3ABB /* Crowd_ControlUITests.swift in Sources */ = {isa = PBXBuildFile; fileRef = 301234AD1BD05B39007C3ABB /* Crowd_ControlUITests.swift */; };
		3015026C1BE9B58300B63F7B /* AppDelegate.swift in Sources */ = {isa = PBXBuildFile; fileRef = 3015026B1BE9B58300B63F7B /* AppDelegate.swift */; };
		306628311BD8A11600524739 /* MapKit.framework in Frameworks */ = {isa = PBXBuildFile; fileRef = 306628301BD8A11600524739 /* MapKit.framework */; };
		30755E661C054D8800E2EFBF /* UserModel.swift in Sources */ = {isa = PBXBuildFile; fileRef = 30755E651C054D8800E2EFBF /* UserModel.swift */; };
		30755E6A1C056D5F00E2EFBF /* BaseModel.swift in Sources */ = {isa = PBXBuildFile; fileRef = 30755E691C056D5F00E2EFBF /* BaseModel.swift */; };
		30755E6C1C05752800E2EFBF /* UserProfileModel.swift in Sources */ = {isa = PBXBuildFile; fileRef = 30755E6B1C05752800E2EFBF /* UserProfileModel.swift */; };
		3076F0371BFD43B0002E840D /* Bolts.framework in Frameworks */ = {isa = PBXBuildFile; fileRef = 3076F0301BFD43B0002E840D /* Bolts.framework */; };
		3076F0381BFD43B0002E840D /* Parse.framework in Frameworks */ = {isa = PBXBuildFile; fileRef = 3076F0311BFD43B0002E840D /* Parse.framework */; };
		3076F0391BFD43B0002E840D /* ParseCrashReporting.framework in Frameworks */ = {isa = PBXBuildFile; fileRef = 3076F0321BFD43B0002E840D /* ParseCrashReporting.framework */; };
		3076F03B1BFD43B0002E840D /* ParseFacebookUtilsV4.framework in Frameworks */ = {isa = PBXBuildFile; fileRef = 3076F0341BFD43B0002E840D /* ParseFacebookUtilsV4.framework */; };
		3076F03C1BFD43B0002E840D /* ParseTwitterUtils.framework in Frameworks */ = {isa = PBXBuildFile; fileRef = 3076F0351BFD43B0002E840D /* ParseTwitterUtils.framework */; };
		3076F03D1BFD43B0002E840D /* ParseUI.framework in Frameworks */ = {isa = PBXBuildFile; fileRef = 3076F0361BFD43B0002E840D /* ParseUI.framework */; };
		3076F0421BFD45CC002E840D /* FBAudienceNetwork.framework in Frameworks */ = {isa = PBXBuildFile; fileRef = 3076F03F1BFD45CC002E840D /* FBAudienceNetwork.framework */; };
		3076F0431BFD45CC002E840D /* FBSDKMessengerShareKit.framework in Frameworks */ = {isa = PBXBuildFile; fileRef = 3076F0401BFD45CC002E840D /* FBSDKMessengerShareKit.framework */; };
		3076F0441BFD45CC002E840D /* FBSDKShareKit.framework in Frameworks */ = {isa = PBXBuildFile; fileRef = 3076F0411BFD45CC002E840D /* FBSDKShareKit.framework */; };
		3099A5A21BF6BA5600490571 /* LoginViewController.swift in Sources */ = {isa = PBXBuildFile; fileRef = 3099A5A11BF6BA5600490571 /* LoginViewController.swift */; };
		3099A5A41BF6BD4900490571 /* SignupViewController.swift in Sources */ = {isa = PBXBuildFile; fileRef = 3099A5A31BF6BD4900490571 /* SignupViewController.swift */; };
		30B1A8F91BFC1C080021B494 /* FacebookSDKStrings.bundle in Resources */ = {isa = PBXBuildFile; fileRef = 30B1A8F61BFC1C080021B494 /* FacebookSDKStrings.bundle */; };
		30B1A8FA1BFC1C080021B494 /* FBSDKCoreKit.framework in Frameworks */ = {isa = PBXBuildFile; fileRef = 30B1A8F71BFC1C080021B494 /* FBSDKCoreKit.framework */; };
		30B1A8FB1BFC1C080021B494 /* FBSDKLoginKit.framework in Frameworks */ = {isa = PBXBuildFile; fileRef = 30B1A8F81BFC1C080021B494 /* FBSDKLoginKit.framework */; };
		30B1A8FC1BFC1C5D0021B494 /* ParseUserModel.swift in Sources */ = {isa = PBXBuildFile; fileRef = C2D186C71BE1BC5400C27167 /* ParseUserModel.swift */; };
		30B1A8FE1BFC1E1F0021B494 /* libsqlite3.tbd in Frameworks */ = {isa = PBXBuildFile; fileRef = 30B1A8FD1BFC1E1F0021B494 /* libsqlite3.tbd */; };
		30B1A9001BFC1EC90021B494 /* AudioToolbox.framework in Frameworks */ = {isa = PBXBuildFile; fileRef = 30B1A8FF1BFC1EC90021B494 /* AudioToolbox.framework */; };
		30B1A9021BFC1F120021B494 /* CFNetwork.framework in Frameworks */ = {isa = PBXBuildFile; fileRef = 30B1A9011BFC1F120021B494 /* CFNetwork.framework */; };
		30B1A9041BFC1F1A0021B494 /* CoreGraphics.framework in Frameworks */ = {isa = PBXBuildFile; fileRef = 30B1A9031BFC1F1A0021B494 /* CoreGraphics.framework */; };
		30B1A9061BFC1F270021B494 /* CoreLocation.framework in Frameworks */ = {isa = PBXBuildFile; fileRef = 30B1A9051BFC1F270021B494 /* CoreLocation.framework */; };
		30B1A9081BFC1F3F0021B494 /* QuartzCore.framework in Frameworks */ = {isa = PBXBuildFile; fileRef = 30B1A9071BFC1F3F0021B494 /* QuartzCore.framework */; };
		30B1A90A1BFC1F450021B494 /* Security.framework in Frameworks */ = {isa = PBXBuildFile; fileRef = 30B1A9091BFC1F450021B494 /* Security.framework */; };
		30B1A90C1BFC1F4B0021B494 /* StoreKit.framework in Frameworks */ = {isa = PBXBuildFile; fileRef = 30B1A90B1BFC1F4B0021B494 /* StoreKit.framework */; };
		30B1A90E1BFC1F530021B494 /* SystemConfiguration.framework in Frameworks */ = {isa = PBXBuildFile; fileRef = 30B1A90D1BFC1F530021B494 /* SystemConfiguration.framework */; };
		30B1A9101BFC1F5C0021B494 /* libz.tbd in Frameworks */ = {isa = PBXBuildFile; fileRef = 30B1A90F1BFC1F5C0021B494 /* libz.tbd */; };
		30B1A9161BFC344A0021B494 /* Social.framework in Frameworks */ = {isa = PBXBuildFile; fileRef = 30B1A9151BFC344A0021B494 /* Social.framework */; };
		30B1A9181BFC34500021B494 /* Accounts.framework in Frameworks */ = {isa = PBXBuildFile; fileRef = 30B1A9171BFC34500021B494 /* Accounts.framework */; };
		30F9F3A61BE8A76C00D03B6A /* WelcomeScreen.storyboard in Resources */ = {isa = PBXBuildFile; fileRef = 30F9F3A41BE8A76C00D03B6A /* WelcomeScreen.storyboard */; };
		30F9F3AB1BE8A78400D03B6A /* ChatViewController.swift in Sources */ = {isa = PBXBuildFile; fileRef = 30F9F3A71BE8A78400D03B6A /* ChatViewController.swift */; };
		30F9F3AC1BE8A78400D03B6A /* GroupInfoViewController.swift in Sources */ = {isa = PBXBuildFile; fileRef = 30F9F3A81BE8A78400D03B6A /* GroupInfoViewController.swift */; };
		30F9F3AD1BE8A78400D03B6A /* MapViewController.swift in Sources */ = {isa = PBXBuildFile; fileRef = 30F9F3A91BE8A78400D03B6A /* MapViewController.swift */; };
		30F9F3AE1BE8A78400D03B6A /* WelcomeViewController.swift in Sources */ = {isa = PBXBuildFile; fileRef = 30F9F3AA1BE8A78400D03B6A /* WelcomeViewController.swift */; };
		C2A724041C0E133300692EE4 /* MobileCoreServices.framework in Frameworks */ = {isa = PBXBuildFile; fileRef = C2A724011C0E133300692EE4 /* MobileCoreServices.framework */; };
		C2A724051C0E133300692EE4 /* Fabric.framework in Frameworks */ = {isa = PBXBuildFile; fileRef = C2A724021C0E133300692EE4 /* Fabric.framework */; };
		C2A724061C0E133300692EE4 /* Optimizely.framework in Frameworks */ = {isa = PBXBuildFile; fileRef = C2A724031C0E133300692EE4 /* Optimizely.framework */; };
		C2D186B31BDC361800C27167 /* GroupModel.swift in Sources */ = {isa = PBXBuildFile; fileRef = C2D186B21BDC361800C27167 /* GroupModel.swift */; };
		C2D186C61BE1BBD800C27167 /* CCUserTest.swift in Sources */ = {isa = PBXBuildFile; fileRef = C2D186C51BE1BBD800C27167 /* CCUserTest.swift */; };
		C2D186CC1BE58EA500C27167 /* ParseGroupModel.swift in Sources */ = {isa = PBXBuildFile; fileRef = C2D186CB1BE58EA500C27167 /* ParseGroupModel.swift */; };
/* End PBXBuildFile section */

/* Begin PBXContainerItemProxy section */
		3012349F1BD05B39007C3ABB /* PBXContainerItemProxy */ = {
			isa = PBXContainerItemProxy;
			containerPortal = 301234801BD05B38007C3ABB /* Project object */;
			proxyType = 1;
			remoteGlobalIDString = 301234871BD05B38007C3ABB;
			remoteInfo = "Crowd Control";
		};
		301234AA1BD05B39007C3ABB /* PBXContainerItemProxy */ = {
			isa = PBXContainerItemProxy;
			containerPortal = 301234801BD05B38007C3ABB /* Project object */;
			proxyType = 1;
			remoteGlobalIDString = 301234871BD05B38007C3ABB;
			remoteInfo = "Crowd Control";
		};
/* End PBXContainerItemProxy section */

/* Begin PBXFileReference section */
		300015751C0A4682005E42A1 /* ModelManager.swift */ = {isa = PBXFileReference; fileEncoding = 4; lastKnownFileType = sourcecode.swift; name = ModelManager.swift; path = Model/ModelManager.swift; sourceTree = "<group>"; };
		300015771C0A479D005E42A1 /* ParseModelManager.swift */ = {isa = PBXFileReference; fileEncoding = 4; lastKnownFileType = sourcecode.swift; name = ParseModelManager.swift; path = Model/ParseModelManager.swift; sourceTree = "<group>"; };
		300926DB1C092861005F6034 /* ParseBaseModel.swift */ = {isa = PBXFileReference; fileEncoding = 4; lastKnownFileType = sourcecode.swift; name = ParseBaseModel.swift; path = Model/ParseBaseModel.swift; sourceTree = "<group>"; };
		300926DC1C092861005F6034 /* ParseUserProfileModel.swift */ = {isa = PBXFileReference; fileEncoding = 4; lastKnownFileType = sourcecode.swift; name = ParseUserProfileModel.swift; path = Model/ParseUserProfileModel.swift; sourceTree = "<group>"; };
		301234881BD05B38007C3ABB /* Crowd Control.app */ = {isa = PBXFileReference; explicitFileType = wrapper.application; includeInIndex = 0; path = "Crowd Control.app"; sourceTree = BUILT_PRODUCTS_DIR; };
		301234921BD05B39007C3ABB /* Base */ = {isa = PBXFileReference; lastKnownFileType = file.storyboard; name = Base; path = Base.lproj/GroupScreens.storyboard; sourceTree = "<group>"; };
		301234941BD05B39007C3ABB /* Assets.xcassets */ = {isa = PBXFileReference; lastKnownFileType = folder.assetcatalog; path = Assets.xcassets; sourceTree = "<group>"; };
		301234971BD05B39007C3ABB /* Base */ = {isa = PBXFileReference; lastKnownFileType = file.storyboard; name = Base; path = Base.lproj/LaunchScreen.storyboard; sourceTree = "<group>"; };
		301234991BD05B39007C3ABB /* Info.plist */ = {isa = PBXFileReference; lastKnownFileType = text.plist.xml; path = Info.plist; sourceTree = "<group>"; };
		3012349E1BD05B39007C3ABB /* Crowd ControlTests.xctest */ = {isa = PBXFileReference; explicitFileType = wrapper.cfbundle; includeInIndex = 0; path = "Crowd ControlTests.xctest"; sourceTree = BUILT_PRODUCTS_DIR; };
		301234A21BD05B39007C3ABB /* Crowd_ControlTests.swift */ = {isa = PBXFileReference; lastKnownFileType = sourcecode.swift; path = Crowd_ControlTests.swift; sourceTree = "<group>"; };
		301234A41BD05B39007C3ABB /* Info.plist */ = {isa = PBXFileReference; lastKnownFileType = text.plist.xml; path = Info.plist; sourceTree = "<group>"; };
		301234A91BD05B39007C3ABB /* Crowd ControlUITests.xctest */ = {isa = PBXFileReference; explicitFileType = wrapper.cfbundle; includeInIndex = 0; path = "Crowd ControlUITests.xctest"; sourceTree = BUILT_PRODUCTS_DIR; };
		301234AD1BD05B39007C3ABB /* Crowd_ControlUITests.swift */ = {isa = PBXFileReference; lastKnownFileType = sourcecode.swift; path = Crowd_ControlUITests.swift; sourceTree = "<group>"; };
		301234AF1BD05B39007C3ABB /* Info.plist */ = {isa = PBXFileReference; lastKnownFileType = text.plist.xml; path = Info.plist; sourceTree = "<group>"; };
		3015026B1BE9B58300B63F7B /* AppDelegate.swift */ = {isa = PBXFileReference; fileEncoding = 4; lastKnownFileType = sourcecode.swift; path = AppDelegate.swift; sourceTree = "<group>"; };
		306628301BD8A11600524739 /* MapKit.framework */ = {isa = PBXFileReference; lastKnownFileType = wrapper.framework; name = MapKit.framework; path = System/Library/Frameworks/MapKit.framework; sourceTree = SDKROOT; };
		30755E651C054D8800E2EFBF /* UserModel.swift */ = {isa = PBXFileReference; fileEncoding = 4; lastKnownFileType = sourcecode.swift; name = UserModel.swift; path = Model/UserModel.swift; sourceTree = "<group>"; };
		30755E691C056D5F00E2EFBF /* BaseModel.swift */ = {isa = PBXFileReference; fileEncoding = 4; lastKnownFileType = sourcecode.swift; name = BaseModel.swift; path = Model/BaseModel.swift; sourceTree = "<group>"; };
		30755E6B1C05752800E2EFBF /* UserProfileModel.swift */ = {isa = PBXFileReference; fileEncoding = 4; lastKnownFileType = sourcecode.swift; name = UserProfileModel.swift; path = Model/UserProfileModel.swift; sourceTree = "<group>"; };
		3076F0301BFD43B0002E840D /* Bolts.framework */ = {isa = PBXFileReference; lastKnownFileType = wrapper.framework; name = Bolts.framework; path = "parse-library-1.9.1/Bolts.framework"; sourceTree = "<group>"; };
		3076F0311BFD43B0002E840D /* Parse.framework */ = {isa = PBXFileReference; lastKnownFileType = wrapper.framework; name = Parse.framework; path = "parse-library-1.9.1/Parse.framework"; sourceTree = "<group>"; };
		3076F0321BFD43B0002E840D /* ParseCrashReporting.framework */ = {isa = PBXFileReference; lastKnownFileType = wrapper.framework; name = ParseCrashReporting.framework; path = "parse-library-1.9.1/ParseCrashReporting.framework"; sourceTree = "<group>"; };
		3076F0341BFD43B0002E840D /* ParseFacebookUtilsV4.framework */ = {isa = PBXFileReference; lastKnownFileType = wrapper.framework; name = ParseFacebookUtilsV4.framework; path = "parse-library-1.9.1/ParseFacebookUtilsV4.framework"; sourceTree = "<group>"; };
		3076F0351BFD43B0002E840D /* ParseTwitterUtils.framework */ = {isa = PBXFileReference; lastKnownFileType = wrapper.framework; name = ParseTwitterUtils.framework; path = "parse-library-1.9.1/ParseTwitterUtils.framework"; sourceTree = "<group>"; };
		3076F0361BFD43B0002E840D /* ParseUI.framework */ = {isa = PBXFileReference; lastKnownFileType = wrapper.framework; name = ParseUI.framework; path = "parse-library-1.9.1/ParseUI.framework"; sourceTree = "<group>"; };
		3076F03F1BFD45CC002E840D /* FBAudienceNetwork.framework */ = {isa = PBXFileReference; lastKnownFileType = wrapper.framework; name = FBAudienceNetwork.framework; path = "FacebookSDKs-iOS-20151111/FBAudienceNetwork.framework"; sourceTree = "<group>"; };
		3076F0401BFD45CC002E840D /* FBSDKMessengerShareKit.framework */ = {isa = PBXFileReference; lastKnownFileType = wrapper.framework; name = FBSDKMessengerShareKit.framework; path = "FacebookSDKs-iOS-20151111/FBSDKMessengerShareKit.framework"; sourceTree = "<group>"; };
		3076F0411BFD45CC002E840D /* FBSDKShareKit.framework */ = {isa = PBXFileReference; lastKnownFileType = wrapper.framework; name = FBSDKShareKit.framework; path = "FacebookSDKs-iOS-20151111/FBSDKShareKit.framework"; sourceTree = "<group>"; };
		3099A5A11BF6BA5600490571 /* LoginViewController.swift */ = {isa = PBXFileReference; fileEncoding = 4; lastKnownFileType = sourcecode.swift; name = LoginViewController.swift; path = Controller/LoginViewController.swift; sourceTree = "<group>"; };
		3099A5A31BF6BD4900490571 /* SignupViewController.swift */ = {isa = PBXFileReference; fileEncoding = 4; lastKnownFileType = sourcecode.swift; name = SignupViewController.swift; path = Controller/SignupViewController.swift; sourceTree = "<group>"; };
		30B1A8F61BFC1C080021B494 /* FacebookSDKStrings.bundle */ = {isa = PBXFileReference; lastKnownFileType = "wrapper.plug-in"; name = FacebookSDKStrings.bundle; path = "FacebookSDKs-iOS-20151111/FacebookSDKStrings.bundle"; sourceTree = "<group>"; };
		30B1A8F71BFC1C080021B494 /* FBSDKCoreKit.framework */ = {isa = PBXFileReference; lastKnownFileType = wrapper.framework; name = FBSDKCoreKit.framework; path = "FacebookSDKs-iOS-20151111/FBSDKCoreKit.framework"; sourceTree = "<group>"; };
		30B1A8F81BFC1C080021B494 /* FBSDKLoginKit.framework */ = {isa = PBXFileReference; lastKnownFileType = wrapper.framework; name = FBSDKLoginKit.framework; path = "FacebookSDKs-iOS-20151111/FBSDKLoginKit.framework"; sourceTree = "<group>"; };
		30B1A8FD1BFC1E1F0021B494 /* libsqlite3.tbd */ = {isa = PBXFileReference; lastKnownFileType = "sourcecode.text-based-dylib-definition"; name = libsqlite3.tbd; path = usr/lib/libsqlite3.tbd; sourceTree = SDKROOT; };
		30B1A8FF1BFC1EC90021B494 /* AudioToolbox.framework */ = {isa = PBXFileReference; lastKnownFileType = wrapper.framework; name = AudioToolbox.framework; path = System/Library/Frameworks/AudioToolbox.framework; sourceTree = SDKROOT; };
		30B1A9011BFC1F120021B494 /* CFNetwork.framework */ = {isa = PBXFileReference; lastKnownFileType = wrapper.framework; name = CFNetwork.framework; path = System/Library/Frameworks/CFNetwork.framework; sourceTree = SDKROOT; };
		30B1A9031BFC1F1A0021B494 /* CoreGraphics.framework */ = {isa = PBXFileReference; lastKnownFileType = wrapper.framework; name = CoreGraphics.framework; path = System/Library/Frameworks/CoreGraphics.framework; sourceTree = SDKROOT; };
		30B1A9051BFC1F270021B494 /* CoreLocation.framework */ = {isa = PBXFileReference; lastKnownFileType = wrapper.framework; name = CoreLocation.framework; path = System/Library/Frameworks/CoreLocation.framework; sourceTree = SDKROOT; };
		30B1A9071BFC1F3F0021B494 /* QuartzCore.framework */ = {isa = PBXFileReference; lastKnownFileType = wrapper.framework; name = QuartzCore.framework; path = System/Library/Frameworks/QuartzCore.framework; sourceTree = SDKROOT; };
		30B1A9091BFC1F450021B494 /* Security.framework */ = {isa = PBXFileReference; lastKnownFileType = wrapper.framework; name = Security.framework; path = System/Library/Frameworks/Security.framework; sourceTree = SDKROOT; };
		30B1A90B1BFC1F4B0021B494 /* StoreKit.framework */ = {isa = PBXFileReference; lastKnownFileType = wrapper.framework; name = StoreKit.framework; path = System/Library/Frameworks/StoreKit.framework; sourceTree = SDKROOT; };
		30B1A90D1BFC1F530021B494 /* SystemConfiguration.framework */ = {isa = PBXFileReference; lastKnownFileType = wrapper.framework; name = SystemConfiguration.framework; path = System/Library/Frameworks/SystemConfiguration.framework; sourceTree = SDKROOT; };
		30B1A90F1BFC1F5C0021B494 /* libz.tbd */ = {isa = PBXFileReference; lastKnownFileType = "sourcecode.text-based-dylib-definition"; name = libz.tbd; path = usr/lib/libz.tbd; sourceTree = SDKROOT; };
		30B1A9151BFC344A0021B494 /* Social.framework */ = {isa = PBXFileReference; lastKnownFileType = wrapper.framework; name = Social.framework; path = System/Library/Frameworks/Social.framework; sourceTree = SDKROOT; };
		30B1A9171BFC34500021B494 /* Accounts.framework */ = {isa = PBXFileReference; lastKnownFileType = wrapper.framework; name = Accounts.framework; path = System/Library/Frameworks/Accounts.framework; sourceTree = SDKROOT; };
		30F9F3A51BE8A76C00D03B6A /* Base */ = {isa = PBXFileReference; lastKnownFileType = file.storyboard; name = Base; path = Base.lproj/WelcomeScreen.storyboard; sourceTree = "<group>"; };
		30F9F3A71BE8A78400D03B6A /* ChatViewController.swift */ = {isa = PBXFileReference; fileEncoding = 4; lastKnownFileType = sourcecode.swift; name = ChatViewController.swift; path = Controller/ChatViewController.swift; sourceTree = "<group>"; };
		30F9F3A81BE8A78400D03B6A /* GroupInfoViewController.swift */ = {isa = PBXFileReference; fileEncoding = 4; lastKnownFileType = sourcecode.swift; name = GroupInfoViewController.swift; path = Controller/GroupInfoViewController.swift; sourceTree = "<group>"; };
		30F9F3A91BE8A78400D03B6A /* MapViewController.swift */ = {isa = PBXFileReference; fileEncoding = 4; lastKnownFileType = sourcecode.swift; name = MapViewController.swift; path = Controller/MapViewController.swift; sourceTree = "<group>"; };
		30F9F3AA1BE8A78400D03B6A /* WelcomeViewController.swift */ = {isa = PBXFileReference; fileEncoding = 4; lastKnownFileType = sourcecode.swift; name = WelcomeViewController.swift; path = Controller/WelcomeViewController.swift; sourceTree = "<group>"; };
		C2A724011C0E133300692EE4 /* MobileCoreServices.framework */ = {isa = PBXFileReference; lastKnownFileType = wrapper.framework; path = MobileCoreServices.framework; sourceTree = "<group>"; };
		C2A724021C0E133300692EE4 /* Fabric.framework */ = {isa = PBXFileReference; lastKnownFileType = wrapper.framework; path = Fabric.framework; sourceTree = "<group>"; };
		C2A724031C0E133300692EE4 /* Optimizely.framework */ = {isa = PBXFileReference; lastKnownFileType = wrapper.framework; path = Optimizely.framework; sourceTree = "<group>"; };
		C2D186B21BDC361800C27167 /* GroupModel.swift */ = {isa = PBXFileReference; fileEncoding = 4; lastKnownFileType = sourcecode.swift; name = GroupModel.swift; path = Model/GroupModel.swift; sourceTree = "<group>"; };
		C2D186C51BE1BBD800C27167 /* CCUserTest.swift */ = {isa = PBXFileReference; fileEncoding = 4; lastKnownFileType = sourcecode.swift; path = CCUserTest.swift; sourceTree = "<group>"; };
		C2D186C71BE1BC5400C27167 /* ParseUserModel.swift */ = {isa = PBXFileReference; fileEncoding = 4; lastKnownFileType = sourcecode.swift; name = ParseUserModel.swift; path = Model/ParseUserModel.swift; sourceTree = "<group>"; };
		C2D186CB1BE58EA500C27167 /* ParseGroupModel.swift */ = {isa = PBXFileReference; fileEncoding = 4; lastKnownFileType = sourcecode.swift; name = ParseGroupModel.swift; path = Model/ParseGroupModel.swift; sourceTree = "<group>"; };
/* End PBXFileReference section */

/* Begin PBXFrameworksBuildPhase section */
		301234851BD05B38007C3ABB /* Frameworks */ = {
			isa = PBXFrameworksBuildPhase;
			buildActionMask = 2147483647;
			files = (
				30B1A9181BFC34500021B494 /* Accounts.framework in Frameworks */,
				30B1A9161BFC344A0021B494 /* Social.framework in Frameworks */,
				3076F0371BFD43B0002E840D /* Bolts.framework in Frameworks */,
				C2A724041C0E133300692EE4 /* MobileCoreServices.framework in Frameworks */,
				3076F0381BFD43B0002E840D /* Parse.framework in Frameworks */,
				3076F0391BFD43B0002E840D /* ParseCrashReporting.framework in Frameworks */,
				3076F03B1BFD43B0002E840D /* ParseFacebookUtilsV4.framework in Frameworks */,
				3076F03C1BFD43B0002E840D /* ParseTwitterUtils.framework in Frameworks */,
				3076F03D1BFD43B0002E840D /* ParseUI.framework in Frameworks */,
				3076F0441BFD45CC002E840D /* FBSDKShareKit.framework in Frameworks */,
				30B1A9101BFC1F5C0021B494 /* libz.tbd in Frameworks */,
				30B1A90E1BFC1F530021B494 /* SystemConfiguration.framework in Frameworks */,
				30B1A90C1BFC1F4B0021B494 /* StoreKit.framework in Frameworks */,
				C2A724061C0E133300692EE4 /* Optimizely.framework in Frameworks */,
				3076F0431BFD45CC002E840D /* FBSDKMessengerShareKit.framework in Frameworks */,
				30B1A90A1BFC1F450021B494 /* Security.framework in Frameworks */,
				30B1A9081BFC1F3F0021B494 /* QuartzCore.framework in Frameworks */,
				3076F0421BFD45CC002E840D /* FBAudienceNetwork.framework in Frameworks */,
				30B1A9061BFC1F270021B494 /* CoreLocation.framework in Frameworks */,
				30B1A9041BFC1F1A0021B494 /* CoreGraphics.framework in Frameworks */,
				30B1A9021BFC1F120021B494 /* CFNetwork.framework in Frameworks */,
				30B1A9001BFC1EC90021B494 /* AudioToolbox.framework in Frameworks */,
				C2A724051C0E133300692EE4 /* Fabric.framework in Frameworks */,
				30B1A8FE1BFC1E1F0021B494 /* libsqlite3.tbd in Frameworks */,
				30B1A8FB1BFC1C080021B494 /* FBSDKLoginKit.framework in Frameworks */,
				30B1A8FA1BFC1C080021B494 /* FBSDKCoreKit.framework in Frameworks */,
				306628311BD8A11600524739 /* MapKit.framework in Frameworks */,
			);
			runOnlyForDeploymentPostprocessing = 0;
		};
		3012349B1BD05B39007C3ABB /* Frameworks */ = {
			isa = PBXFrameworksBuildPhase;
			buildActionMask = 2147483647;
			files = (
			);
			runOnlyForDeploymentPostprocessing = 0;
		};
		301234A61BD05B39007C3ABB /* Frameworks */ = {
			isa = PBXFrameworksBuildPhase;
			buildActionMask = 2147483647;
			files = (
			);
			runOnlyForDeploymentPostprocessing = 0;
		};
/* End PBXFrameworksBuildPhase section */

/* Begin PBXGroup section */
		3012347F1BD05B38007C3ABB = {
			isa = PBXGroup;
			children = (
				3012348A1BD05B38007C3ABB /* Crowd Control */,
				301234A11BD05B39007C3ABB /* Crowd ControlTests */,
				301234AC1BD05B39007C3ABB /* Crowd ControlUITests */,
				C2D186B61BDE98BB00C27167 /* Frameworks */,
				301234891BD05B38007C3ABB /* Products */,
			);
			sourceTree = "<group>";
		};
		301234891BD05B38007C3ABB /* Products */ = {
			isa = PBXGroup;
			children = (
				301234881BD05B38007C3ABB /* Crowd Control.app */,
				3012349E1BD05B39007C3ABB /* Crowd ControlTests.xctest */,
				301234A91BD05B39007C3ABB /* Crowd ControlUITests.xctest */,
			);
			name = Products;
			sourceTree = "<group>";
		};
		3012348A1BD05B38007C3ABB /* Crowd Control */ = {
			isa = PBXGroup;
			children = (
				3015026B1BE9B58300B63F7B /* AppDelegate.swift */,
				308ECFA21BD72E25000E4F21 /* Model */,
				308ECFA01BD72E17000E4F21 /* Controller */,
				308ECFA11BD72E20000E4F21 /* View */,
				301234941BD05B39007C3ABB /* Assets.xcassets */,
				301234991BD05B39007C3ABB /* Info.plist */,
			);
			path = "Crowd Control";
			sourceTree = "<group>";
		};
		301234A11BD05B39007C3ABB /* Crowd ControlTests */ = {
			isa = PBXGroup;
			children = (
				301234A21BD05B39007C3ABB /* Crowd_ControlTests.swift */,
				301234A41BD05B39007C3ABB /* Info.plist */,
				C2D186C51BE1BBD800C27167 /* CCUserTest.swift */,
			);
			path = "Crowd ControlTests";
			sourceTree = "<group>";
		};
		301234AC1BD05B39007C3ABB /* Crowd ControlUITests */ = {
			isa = PBXGroup;
			children = (
				301234AD1BD05B39007C3ABB /* Crowd_ControlUITests.swift */,
				301234AF1BD05B39007C3ABB /* Info.plist */,
			);
			path = "Crowd ControlUITests";
			sourceTree = "<group>";
		};
		3076F03E1BFD43BD002E840D /* Parse */ = {
			isa = PBXGroup;
			children = (
				3076F0301BFD43B0002E840D /* Bolts.framework */,
				3076F0311BFD43B0002E840D /* Parse.framework */,
				3076F0321BFD43B0002E840D /* ParseCrashReporting.framework */,
				3076F0341BFD43B0002E840D /* ParseFacebookUtilsV4.framework */,
				3076F0351BFD43B0002E840D /* ParseTwitterUtils.framework */,
				3076F0361BFD43B0002E840D /* ParseUI.framework */,
			);
			name = Parse;
			sourceTree = "<group>";
		};
		308ECFA01BD72E17000E4F21 /* Controller */ = {
			isa = PBXGroup;
			children = (
				30F9F3A71BE8A78400D03B6A /* ChatViewController.swift */,
				30F9F3A81BE8A78400D03B6A /* GroupInfoViewController.swift */,
				30F9F3A91BE8A78400D03B6A /* MapViewController.swift */,
				30F9F3AA1BE8A78400D03B6A /* WelcomeViewController.swift */,
				3099A5A11BF6BA5600490571 /* LoginViewController.swift */,
				3099A5A31BF6BD4900490571 /* SignupViewController.swift */,
			);
			name = Controller;
			sourceTree = "<group>";
		};
		308ECFA11BD72E20000E4F21 /* View */ = {
			isa = PBXGroup;
			children = (
				301234961BD05B39007C3ABB /* LaunchScreen.storyboard */,
				301234911BD05B39007C3ABB /* GroupScreens.storyboard */,
				30F9F3A41BE8A76C00D03B6A /* WelcomeScreen.storyboard */,
			);
			name = View;
			sourceTree = "<group>";
		};
		308ECFA21BD72E25000E4F21 /* Model */ = {
			isa = PBXGroup;
			children = (
				30755E691C056D5F00E2EFBF /* BaseModel.swift */,
				C2D186B21BDC361800C27167 /* GroupModel.swift */,
				300926DB1C092861005F6034 /* ParseBaseModel.swift */,
				C2D186CB1BE58EA500C27167 /* ParseGroupModel.swift */,
				C2D186C71BE1BC5400C27167 /* ParseUserModel.swift */,
				300926DC1C092861005F6034 /* ParseUserProfileModel.swift */,
				30755E651C054D8800E2EFBF /* UserModel.swift */,
				30755E6B1C05752800E2EFBF /* UserProfileModel.swift */,
				300015751C0A4682005E42A1 /* ModelManager.swift */,
				300015771C0A479D005E42A1 /* ParseModelManager.swift */,
			);
			name = Model;
			sourceTree = "<group>";
		};
		30B1A9121BFC1F900021B494 /* Facebook */ = {
			isa = PBXGroup;
			children = (
				30B1A8F61BFC1C080021B494 /* FacebookSDKStrings.bundle */,
				3076F03F1BFD45CC002E840D /* FBAudienceNetwork.framework */,
				30B1A8F71BFC1C080021B494 /* FBSDKCoreKit.framework */,
				30B1A8F81BFC1C080021B494 /* FBSDKLoginKit.framework */,
				3076F0401BFD45CC002E840D /* FBSDKMessengerShareKit.framework */,
				3076F0411BFD45CC002E840D /* FBSDKShareKit.framework */,
			);
			name = Facebook;
			sourceTree = "<group>";
		};
		30B1A9141BFC1FBB0021B494 /*  */ = {
			isa = PBXGroup;
			children = (
				30B1A9171BFC34500021B494 /* Accounts.framework */,
				30B1A8FF1BFC1EC90021B494 /* AudioToolbox.framework */,
				30B1A9011BFC1F120021B494 /* CFNetwork.framework */,
				30B1A9031BFC1F1A0021B494 /* CoreGraphics.framework */,
				30B1A9051BFC1F270021B494 /* CoreLocation.framework */,
				30B1A8FD1BFC1E1F0021B494 /* libsqlite3.tbd */,
				30B1A90F1BFC1F5C0021B494 /* libz.tbd */,
				306628301BD8A11600524739 /* MapKit.framework */,
				30B1A9071BFC1F3F0021B494 /* QuartzCore.framework */,
				30B1A9091BFC1F450021B494 /* Security.framework */,
				30B1A9151BFC344A0021B494 /* Social.framework */,
				30B1A90B1BFC1F4B0021B494 /* StoreKit.framework */,
				30B1A90D1BFC1F530021B494 /* SystemConfiguration.framework */,
			);
			name = "";
			sourceTree = "<group>";
		};
		C2D186B61BDE98BB00C27167 /* Frameworks */ = {
			isa = PBXGroup;
			children = (
				C2A724011C0E133300692EE4 /* MobileCoreServices.framework */,
				C2A724021C0E133300692EE4 /* Fabric.framework */,
				C2A724031C0E133300692EE4 /* Optimizely.framework */,
				30B1A9121BFC1F900021B494 /* Facebook */,
				3076F03E1BFD43BD002E840D /* Parse */,
				30B1A9141BFC1FBB0021B494 /*  */,
			);
			name = Frameworks;
			sourceTree = "<group>";
		};
/* End PBXGroup section */

/* Begin PBXNativeTarget section */
		301234871BD05B38007C3ABB /* Crowd Control */ = {
			isa = PBXNativeTarget;
			buildConfigurationList = 301234B21BD05B39007C3ABB /* Build configuration list for PBXNativeTarget "Crowd Control" */;
			buildPhases = (
				301234841BD05B38007C3ABB /* Sources */,
				301234851BD05B38007C3ABB /* Frameworks */,
				301234861BD05B38007C3ABB /* Resources */,
				C2A724001C0E12BA00692EE4 /* ShellScript */,
			);
			buildRules = (
			);
			dependencies = (
			);
			name = "Crowd Control";
			productName = "Crowd Control";
			productReference = 301234881BD05B38007C3ABB /* Crowd Control.app */;
			productType = "com.apple.product-type.application";
		};
		3012349D1BD05B39007C3ABB /* Crowd ControlTests */ = {
			isa = PBXNativeTarget;
			buildConfigurationList = 301234B51BD05B39007C3ABB /* Build configuration list for PBXNativeTarget "Crowd ControlTests" */;
			buildPhases = (
				3012349A1BD05B39007C3ABB /* Sources */,
				3012349B1BD05B39007C3ABB /* Frameworks */,
				3012349C1BD05B39007C3ABB /* Resources */,
			);
			buildRules = (
			);
			dependencies = (
				301234A01BD05B39007C3ABB /* PBXTargetDependency */,
			);
			name = "Crowd ControlTests";
			productName = "Crowd ControlTests";
			productReference = 3012349E1BD05B39007C3ABB /* Crowd ControlTests.xctest */;
			productType = "com.apple.product-type.bundle.unit-test";
		};
		301234A81BD05B39007C3ABB /* Crowd ControlUITests */ = {
			isa = PBXNativeTarget;
			buildConfigurationList = 301234B81BD05B39007C3ABB /* Build configuration list for PBXNativeTarget "Crowd ControlUITests" */;
			buildPhases = (
				301234A51BD05B39007C3ABB /* Sources */,
				301234A61BD05B39007C3ABB /* Frameworks */,
				301234A71BD05B39007C3ABB /* Resources */,
			);
			buildRules = (
			);
			dependencies = (
				301234AB1BD05B39007C3ABB /* PBXTargetDependency */,
			);
			name = "Crowd ControlUITests";
			productName = "Crowd ControlUITests";
			productReference = 301234A91BD05B39007C3ABB /* Crowd ControlUITests.xctest */;
			productType = "com.apple.product-type.bundle.ui-testing";
		};
/* End PBXNativeTarget section */

/* Begin PBXProject section */
		301234801BD05B38007C3ABB /* Project object */ = {
			isa = PBXProject;
			attributes = {
				KnownAssetTags = (
					100,
				);
				LastSwiftUpdateCheck = 0710;
				LastUpgradeCheck = 0710;
				ORGANIZATIONNAME = Bowtaps;
				TargetAttributes = {
					301234871BD05B38007C3ABB = {
						CreatedOnToolsVersion = 7.0.1;
						DevelopmentTeam = MBDJ3UEK93;
						SystemCapabilities = {
							com.apple.Maps.iOS = {
								enabled = 1;
							};
						};
					};
					3012349D1BD05B39007C3ABB = {
						CreatedOnToolsVersion = 7.0.1;
						TestTargetID = 301234871BD05B38007C3ABB;
					};
					301234A81BD05B39007C3ABB = {
						CreatedOnToolsVersion = 7.0.1;
						TestTargetID = 301234871BD05B38007C3ABB;
					};
				};
			};
			buildConfigurationList = 301234831BD05B38007C3ABB /* Build configuration list for PBXProject "Crowd Control" */;
			compatibilityVersion = "Xcode 3.2";
			developmentRegion = English;
			hasScannedForEncodings = 0;
			knownRegions = (
				en,
				Base,
			);
			mainGroup = 3012347F1BD05B38007C3ABB;
			productRefGroup = 301234891BD05B38007C3ABB /* Products */;
			projectDirPath = "";
			projectRoot = "";
			targets = (
				301234871BD05B38007C3ABB /* Crowd Control */,
				3012349D1BD05B39007C3ABB /* Crowd ControlTests */,
				301234A81BD05B39007C3ABB /* Crowd ControlUITests */,
			);
		};
/* End PBXProject section */

/* Begin PBXResourcesBuildPhase section */
		301234861BD05B38007C3ABB /* Resources */ = {
			isa = PBXResourcesBuildPhase;
			buildActionMask = 2147483647;
			files = (
				301234981BD05B39007C3ABB /* LaunchScreen.storyboard in Resources */,
				30B1A8F91BFC1C080021B494 /* FacebookSDKStrings.bundle in Resources */,
				301234951BD05B39007C3ABB /* Assets.xcassets in Resources */,
				30F9F3A61BE8A76C00D03B6A /* WelcomeScreen.storyboard in Resources */,
				301234931BD05B39007C3ABB /* GroupScreens.storyboard in Resources */,
			);
			runOnlyForDeploymentPostprocessing = 0;
		};
		3012349C1BD05B39007C3ABB /* Resources */ = {
			isa = PBXResourcesBuildPhase;
			buildActionMask = 2147483647;
			files = (
			);
			runOnlyForDeploymentPostprocessing = 0;
		};
		301234A71BD05B39007C3ABB /* Resources */ = {
			isa = PBXResourcesBuildPhase;
			buildActionMask = 2147483647;
			files = (
			);
			runOnlyForDeploymentPostprocessing = 0;
		};
/* End PBXResourcesBuildPhase section */

/* Begin PBXShellScriptBuildPhase section */
		C2A724001C0E12BA00692EE4 /* ShellScript */ = {
			isa = PBXShellScriptBuildPhase;
			buildActionMask = 2147483647;
			files = (
			);
			inputPaths = (
			);
			outputPaths = (
			);
			runOnlyForDeploymentPostprocessing = 0;
			shellPath = /bin/sh;
			shellScript = "./Fabric.framework/run d37e019949486238d0e94a3722a1ee4a30afe722 8dda4634b4a52a3a8245d640e949af8fde43020ff0367c4d2981e1a6cec1be9b";
		};
/* End PBXShellScriptBuildPhase section */

/* Begin PBXSourcesBuildPhase section */
		301234841BD05B38007C3ABB /* Sources */ = {
			isa = PBXSourcesBuildPhase;
			buildActionMask = 2147483647;
			files = (
				300015781C0A479D005E42A1 /* ParseModelManager.swift in Sources */,
				C2D186B31BDC361800C27167 /* GroupModel.swift in Sources */,
				3099A5A41BF6BD4900490571 /* SignupViewController.swift in Sources */,
				30755E6C1C05752800E2EFBF /* UserProfileModel.swift in Sources */,
				C2D186CC1BE58EA500C27167 /* ParseGroupModel.swift in Sources */,
				3015026C1BE9B58300B63F7B /* AppDelegate.swift in Sources */,
				300926DD1C092861005F6034 /* ParseBaseModel.swift in Sources */,
				30755E661C054D8800E2EFBF /* UserModel.swift in Sources */,
				30F9F3AB1BE8A78400D03B6A /* ChatViewController.swift in Sources */,
				30F9F3AE1BE8A78400D03B6A /* WelcomeViewController.swift in Sources */,
				300015761C0A4682005E42A1 /* ModelManager.swift in Sources */,
				30755E6A1C056D5F00E2EFBF /* BaseModel.swift in Sources */,
				30B1A8FC1BFC1C5D0021B494 /* ParseUserModel.swift in Sources */,
				30F9F3AC1BE8A78400D03B6A /* GroupInfoViewController.swift in Sources */,
				3099A5A21BF6BA5600490571 /* LoginViewController.swift in Sources */,
				30F9F3AD1BE8A78400D03B6A /* MapViewController.swift in Sources */,
				300926DE1C092861005F6034 /* ParseUserProfileModel.swift in Sources */,
			);
			runOnlyForDeploymentPostprocessing = 0;
		};
		3012349A1BD05B39007C3ABB /* Sources */ = {
			isa = PBXSourcesBuildPhase;
			buildActionMask = 2147483647;
			files = (
				C2D186C61BE1BBD800C27167 /* CCUserTest.swift in Sources */,
				301234A31BD05B39007C3ABB /* Crowd_ControlTests.swift in Sources */,
			);
			runOnlyForDeploymentPostprocessing = 0;
		};
		301234A51BD05B39007C3ABB /* Sources */ = {
			isa = PBXSourcesBuildPhase;
			buildActionMask = 2147483647;
			files = (
				301234AE1BD05B39007C3ABB /* Crowd_ControlUITests.swift in Sources */,
			);
			runOnlyForDeploymentPostprocessing = 0;
		};
/* End PBXSourcesBuildPhase section */

/* Begin PBXTargetDependency section */
		301234A01BD05B39007C3ABB /* PBXTargetDependency */ = {
			isa = PBXTargetDependency;
			target = 301234871BD05B38007C3ABB /* Crowd Control */;
			targetProxy = 3012349F1BD05B39007C3ABB /* PBXContainerItemProxy */;
		};
		301234AB1BD05B39007C3ABB /* PBXTargetDependency */ = {
			isa = PBXTargetDependency;
			target = 301234871BD05B38007C3ABB /* Crowd Control */;
			targetProxy = 301234AA1BD05B39007C3ABB /* PBXContainerItemProxy */;
		};
/* End PBXTargetDependency section */

/* Begin PBXVariantGroup section */
		301234911BD05B39007C3ABB /* GroupScreens.storyboard */ = {
			isa = PBXVariantGroup;
			children = (
				301234921BD05B39007C3ABB /* Base */,
			);
			name = GroupScreens.storyboard;
			sourceTree = "<group>";
		};
		301234961BD05B39007C3ABB /* LaunchScreen.storyboard */ = {
			isa = PBXVariantGroup;
			children = (
				301234971BD05B39007C3ABB /* Base */,
			);
			name = LaunchScreen.storyboard;
			sourceTree = "<group>";
		};
		30F9F3A41BE8A76C00D03B6A /* WelcomeScreen.storyboard */ = {
			isa = PBXVariantGroup;
			children = (
				30F9F3A51BE8A76C00D03B6A /* Base */,
			);
			name = WelcomeScreen.storyboard;
			sourceTree = "<group>";
		};
/* End PBXVariantGroup section */

/* Begin XCBuildConfiguration section */
		301234B01BD05B39007C3ABB /* Debug */ = {
			isa = XCBuildConfiguration;
			buildSettings = {
				ALWAYS_SEARCH_USER_PATHS = NO;
				CLANG_CXX_LANGUAGE_STANDARD = "gnu++0x";
				CLANG_CXX_LIBRARY = "libc++";
				CLANG_ENABLE_MODULES = YES;
				CLANG_ENABLE_OBJC_ARC = YES;
				CLANG_WARN_BOOL_CONVERSION = YES;
				CLANG_WARN_CONSTANT_CONVERSION = YES;
				CLANG_WARN_DIRECT_OBJC_ISA_USAGE = YES_ERROR;
				CLANG_WARN_EMPTY_BODY = YES;
				CLANG_WARN_ENUM_CONVERSION = YES;
				CLANG_WARN_INT_CONVERSION = YES;
				CLANG_WARN_OBJC_ROOT_CLASS = YES_ERROR;
				CLANG_WARN_UNREACHABLE_CODE = YES;
				CLANG_WARN__DUPLICATE_METHOD_MATCH = YES;
				"CODE_SIGN_IDENTITY[sdk=iphoneos*]" = "iPhone Developer";
				COPY_PHASE_STRIP = NO;
				DEBUG_INFORMATION_FORMAT = dwarf;
				ENABLE_STRICT_OBJC_MSGSEND = YES;
				ENABLE_TESTABILITY = YES;
				GCC_C_LANGUAGE_STANDARD = gnu99;
				GCC_DYNAMIC_NO_PIC = NO;
				GCC_NO_COMMON_BLOCKS = YES;
				GCC_OPTIMIZATION_LEVEL = 0;
				GCC_PREPROCESSOR_DEFINITIONS = (
					"DEBUG=1",
					"$(inherited)",
				);
				GCC_WARN_64_TO_32_BIT_CONVERSION = YES;
				GCC_WARN_ABOUT_RETURN_TYPE = YES_ERROR;
				GCC_WARN_UNDECLARED_SELECTOR = YES;
				GCC_WARN_UNINITIALIZED_AUTOS = YES_AGGRESSIVE;
				GCC_WARN_UNUSED_FUNCTION = YES;
				GCC_WARN_UNUSED_VARIABLE = YES;
				IPHONEOS_DEPLOYMENT_TARGET = 8.1;
				MTL_ENABLE_DEBUG_INFO = YES;
				ONLY_ACTIVE_ARCH = YES;
				SDKROOT = iphoneos;
				SWIFT_OPTIMIZATION_LEVEL = "-Onone";
			};
			name = Debug;
		};
		301234B11BD05B39007C3ABB /* Release */ = {
			isa = XCBuildConfiguration;
			buildSettings = {
				ALWAYS_SEARCH_USER_PATHS = NO;
				CLANG_CXX_LANGUAGE_STANDARD = "gnu++0x";
				CLANG_CXX_LIBRARY = "libc++";
				CLANG_ENABLE_MODULES = YES;
				CLANG_ENABLE_OBJC_ARC = YES;
				CLANG_WARN_BOOL_CONVERSION = YES;
				CLANG_WARN_CONSTANT_CONVERSION = YES;
				CLANG_WARN_DIRECT_OBJC_ISA_USAGE = YES_ERROR;
				CLANG_WARN_EMPTY_BODY = YES;
				CLANG_WARN_ENUM_CONVERSION = YES;
				CLANG_WARN_INT_CONVERSION = YES;
				CLANG_WARN_OBJC_ROOT_CLASS = YES_ERROR;
				CLANG_WARN_UNREACHABLE_CODE = YES;
				CLANG_WARN__DUPLICATE_METHOD_MATCH = YES;
				"CODE_SIGN_IDENTITY[sdk=iphoneos*]" = "iPhone Developer";
				COPY_PHASE_STRIP = NO;
				DEBUG_INFORMATION_FORMAT = "dwarf-with-dsym";
				ENABLE_NS_ASSERTIONS = NO;
				ENABLE_STRICT_OBJC_MSGSEND = YES;
				GCC_C_LANGUAGE_STANDARD = gnu99;
				GCC_NO_COMMON_BLOCKS = YES;
				GCC_WARN_64_TO_32_BIT_CONVERSION = YES;
				GCC_WARN_ABOUT_RETURN_TYPE = YES_ERROR;
				GCC_WARN_UNDECLARED_SELECTOR = YES;
				GCC_WARN_UNINITIALIZED_AUTOS = YES_AGGRESSIVE;
				GCC_WARN_UNUSED_FUNCTION = YES;
				GCC_WARN_UNUSED_VARIABLE = YES;
				IPHONEOS_DEPLOYMENT_TARGET = 8.1;
				MTL_ENABLE_DEBUG_INFO = NO;
				SDKROOT = iphoneos;
				VALIDATE_PRODUCT = YES;
			};
			name = Release;
		};
		301234B31BD05B39007C3ABB /* Debug */ = {
			isa = XCBuildConfiguration;
			buildSettings = {
				ASSETCATALOG_COMPILER_APPICON_NAME = AppIcon;
				CODE_SIGN_IDENTITY = "iPhone Developer";
				"CODE_SIGN_IDENTITY[sdk=iphoneos*]" = "iPhone Developer";
				EMBEDDED_CONTENT_CONTAINS_SWIFT = YES;
				FRAMEWORK_SEARCH_PATHS = (
					"$(inherited)",
					"$(PROJECT_DIR)/FacebookSDKs-iOS-20151111",
					"$(PROJECT_DIR)/parse-library-1.9.1",
					"$(PROJECT_DIR)",
				);
				IBSC_WARNINGS = YES;
				INFOPLIST_FILE = "Crowd Control/Info.plist";
				LD_RUNPATH_SEARCH_PATHS = "$(inherited) @executable_path/Frameworks";
				PRODUCT_BUNDLE_IDENTIFIER = "com.bowtaps.Crowd-Control";
				PRODUCT_NAME = "$(TARGET_NAME)";
				PROVISIONING_PROFILE = "";
			};
			name = Debug;
		};
		301234B41BD05B39007C3ABB /* Release */ = {
			isa = XCBuildConfiguration;
			buildSettings = {
				ASSETCATALOG_COMPILER_APPICON_NAME = AppIcon;
				CODE_SIGN_IDENTITY = "iPhone Developer";
				"CODE_SIGN_IDENTITY[sdk=iphoneos*]" = "iPhone Developer";
				EMBEDDED_CONTENT_CONTAINS_SWIFT = YES;
				FRAMEWORK_SEARCH_PATHS = (
					"$(inherited)",
					"$(PROJECT_DIR)/FacebookSDKs-iOS-20151111",
					"$(PROJECT_DIR)/parse-library-1.9.1",
					"$(PROJECT_DIR)",
				);
				IBSC_WARNINGS = YES;
				INFOPLIST_FILE = "Crowd Control/Info.plist";
				LD_RUNPATH_SEARCH_PATHS = "$(inherited) @executable_path/Frameworks";
				PRODUCT_BUNDLE_IDENTIFIER = "com.bowtaps.Crowd-Control";
				PRODUCT_NAME = "$(TARGET_NAME)";
				PROVISIONING_PROFILE = "";
			};
			name = Release;
		};
		301234B61BD05B39007C3ABB /* Debug */ = {
			isa = XCBuildConfiguration;
			buildSettings = {
				BUNDLE_LOADER = "$(TEST_HOST)";
				INFOPLIST_FILE = "Crowd ControlTests/Info.plist";
				LD_RUNPATH_SEARCH_PATHS = "$(inherited) @executable_path/Frameworks @loader_path/Frameworks";
				PRODUCT_BUNDLE_IDENTIFIER = "com.bowtaps.Crowd-ControlTests";
				PRODUCT_NAME = "$(TARGET_NAME)";
				TEST_HOST = "$(BUILT_PRODUCTS_DIR)/Crowd Control.app/Crowd Control";
			};
			name = Debug;
		};
		301234B71BD05B39007C3ABB /* Release */ = {
			isa = XCBuildConfiguration;
			buildSettings = {
				BUNDLE_LOADER = "$(TEST_HOST)";
				INFOPLIST_FILE = "Crowd ControlTests/Info.plist";
				LD_RUNPATH_SEARCH_PATHS = "$(inherited) @executable_path/Frameworks @loader_path/Frameworks";
				PRODUCT_BUNDLE_IDENTIFIER = "com.bowtaps.Crowd-ControlTests";
				PRODUCT_NAME = "$(TARGET_NAME)";
				TEST_HOST = "$(BUILT_PRODUCTS_DIR)/Crowd Control.app/Crowd Control";
			};
			name = Release;
		};
		301234B91BD05B39007C3ABB /* Debug */ = {
			isa = XCBuildConfiguration;
			buildSettings = {
				INFOPLIST_FILE = "Crowd ControlUITests/Info.plist";
				LD_RUNPATH_SEARCH_PATHS = "$(inherited) @executable_path/Frameworks @loader_path/Frameworks";
				PRODUCT_BUNDLE_IDENTIFIER = "com.bowtaps.Crowd-ControlUITests";
				PRODUCT_NAME = "$(TARGET_NAME)";
				TEST_TARGET_NAME = "Crowd Control";
				USES_XCTRUNNER = YES;
			};
			name = Debug;
		};
		301234BA1BD05B39007C3ABB /* Release */ = {
			isa = XCBuildConfiguration;
			buildSettings = {
				INFOPLIST_FILE = "Crowd ControlUITests/Info.plist";
				LD_RUNPATH_SEARCH_PATHS = "$(inherited) @executable_path/Frameworks @loader_path/Frameworks";
				PRODUCT_BUNDLE_IDENTIFIER = "com.bowtaps.Crowd-ControlUITests";
				PRODUCT_NAME = "$(TARGET_NAME)";
				TEST_TARGET_NAME = "Crowd Control";
				USES_XCTRUNNER = YES;
			};
			name = Release;
		};
/* End XCBuildConfiguration section */

/* Begin XCConfigurationList section */
		301234831BD05B38007C3ABB /* Build configuration list for PBXProject "Crowd Control" */ = {
			isa = XCConfigurationList;
			buildConfigurations = (
				301234B01BD05B39007C3ABB /* Debug */,
				301234B11BD05B39007C3ABB /* Release */,
			);
			defaultConfigurationIsVisible = 0;
			defaultConfigurationName = Debug;
		};
		301234B21BD05B39007C3ABB /* Build configuration list for PBXNativeTarget "Crowd Control" */ = {
			isa = XCConfigurationList;
			buildConfigurations = (
				301234B31BD05B39007C3ABB /* Debug */,
				301234B41BD05B39007C3ABB /* Release */,
			);
			defaultConfigurationIsVisible = 0;
			defaultConfigurationName = Debug;
		};
		301234B51BD05B39007C3ABB /* Build configuration list for PBXNativeTarget "Crowd ControlTests" */ = {
			isa = XCConfigurationList;
			buildConfigurations = (
				301234B61BD05B39007C3ABB /* Debug */,
				301234B71BD05B39007C3ABB /* Release */,
			);
			defaultConfigurationIsVisible = 0;
			defaultConfigurationName = Debug;
		};
		301234B81BD05B39007C3ABB /* Build configuration list for PBXNativeTarget "Crowd ControlUITests" */ = {
			isa = XCConfigurationList;
			buildConfigurations = (
				301234B91BD05B39007C3ABB /* Debug */,
				301234BA1BD05B39007C3ABB /* Release */,
			);
			defaultConfigurationIsVisible = 0;
			defaultConfigurationName = Debug;
		};
/* End XCConfigurationList section */
	};
	rootObject = 301234801BD05B38007C3ABB /* Project object */;
}
